
Microsoft Visual Studio Solution File, Format Version 12.00
# Visual Studio Version 17
VisualStudioVersion = 17.0.31903.59
MinimumVisualStudioVersion = 10.0.40219.1
Project("{FAE04EC0-301F-11D3-BF4B-00C04F79EFBC}") = "osu-buckeye-api.Api", "osu-buckeye-api.Api\osu-buckeye-api.Api.csproj", "{4C533895-C56D-4FFE-9979-9C6430279AFA}"
EndProject
Project("{FAE04EC0-301F-11D3-BF4B-00C04F79EFBC}") = "osu-buckeye-api.Domain", "osu-buckeye-api.Domain\osu-buckeye-api.Domain.csproj", "{F6385D73-8362-4376-89D0-25182C07AB45}"
EndProject
Project("{FAE04EC0-301F-11D3-BF4B-00C04F79EFBC}") = "osu-buckeye-api.Data", "osu-buckeye-api.Data\osu-buckeye-api.Data.csproj", "{63A14322-B81E-45D6-9E79-31CF23DD59F3}"
EndProject
Project("{FAE04EC0-301F-11D3-BF4B-00C04F79EFBC}") = "osu-buckeye-api", "osu-buckeye-api\osu-buckeye-api.csproj", "{9FBE02C4-850C-49EB-B1D8-D7E5BA18607F}"
EndProject
Global
	GlobalSection(SolutionConfigurationPlatforms) = preSolution
		Debug|Any CPU = Debug|Any CPU
		Release|Any CPU = Release|Any CPU
	EndGlobalSection
	GlobalSection(SolutionProperties) = preSolution
		HideSolutionNode = FALSE
	EndGlobalSection
	GlobalSection(ProjectConfigurationPlatforms) = postSolution
		{4C533895-C56D-4FFE-9979-9C6430279AFA}.Debug|Any CPU.ActiveCfg = Debug|Any CPU
		{4C533895-C56D-4FFE-9979-9C6430279AFA}.Debug|Any CPU.Build.0 = Debug|Any CPU
		{4C533895-C56D-4FFE-9979-9C6430279AFA}.Release|Any CPU.ActiveCfg = Release|Any CPU
		{4C533895-C56D-4FFE-9979-9C6430279AFA}.Release|Any CPU.Build.0 = Release|Any CPU
		{F6385D73-8362-4376-89D0-25182C07AB45}.Debug|Any CPU.ActiveCfg = Debug|Any CPU
		{F6385D73-8362-4376-89D0-25182C07AB45}.Debug|Any CPU.Build.0 = Debug|Any CPU
		{F6385D73-8362-4376-89D0-25182C07AB45}.Release|Any CPU.ActiveCfg = Release|Any CPU
		{F6385D73-8362-4376-89D0-25182C07AB45}.Release|Any CPU.Build.0 = Release|Any CPU
		{63A14322-B81E-45D6-9E79-31CF23DD59F3}.Debug|Any CPU.ActiveCfg = Debug|Any CPU
		{63A14322-B81E-45D6-9E79-31CF23DD59F3}.Debug|Any CPU.Build.0 = Debug|Any CPU
		{63A14322-B81E-45D6-9E79-31CF23DD59F3}.Release|Any CPU.ActiveCfg = Release|Any CPU
		{63A14322-B81E-45D6-9E79-31CF23DD59F3}.Release|Any CPU.Build.0 = Release|Any CPU
		{9FBE02C4-850C-49EB-B1D8-D7E5BA18607F}.Debug|Any CPU.ActiveCfg = Debug|Any CPU
		{9FBE02C4-850C-49EB-B1D8-D7E5BA18607F}.Debug|Any CPU.Build.0 = Debug|Any CPU
		{9FBE02C4-850C-49EB-B1D8-D7E5BA18607F}.Release|Any CPU.ActiveCfg = Release|Any CPU
		{9FBE02C4-850C-49EB-B1D8-D7E5BA18607F}.Release|Any CPU.Build.0 = Release|Any CPU
	EndGlobalSection
EndGlobal
